
Microsoft Visual Studio Solution File, Format Version 12.00
# Visual Studio Version 16
VisualStudioVersion = 16.0.31729.503
MinimumVisualStudioVersion = 10.0.40219.1
Project("{FAE04EC0-301F-11D3-BF4B-00C04F79EFBC}") = "Diameter of Binary Tree", "Diameter of Binary Tree\Diameter of Binary Tree.csproj", "{5E6E1F5A-16D9-4A7D-A0F7-3DBE113B7D48}"
EndProject
Global
	GlobalSection(SolutionConfigurationPlatforms) = preSolution
		Debug|Any CPU = Debug|Any CPU
		Release|Any CPU = Release|Any CPU
	EndGlobalSection
	GlobalSection(ProjectConfigurationPlatforms) = postSolution
		{5E6E1F5A-16D9-4A7D-A0F7-3DBE113B7D48}.Debug|Any CPU.ActiveCfg = Debug|Any CPU
		{5E6E1F5A-16D9-4A7D-A0F7-3DBE113B7D48}.Debug|Any CPU.Build.0 = Debug|Any CPU
		{5E6E1F5A-16D9-4A7D-A0F7-3DBE113B7D48}.Release|Any CPU.ActiveCfg = Release|Any CPU
		{5E6E1F5A-16D9-4A7D-A0F7-3DBE113B7D48}.Release|Any CPU.Build.0 = Release|Any CPU
	EndGlobalSection
	GlobalSection(SolutionProperties) = preSolution
		HideSolutionNode = FALSE
	EndGlobalSection
	GlobalSection(ExtensibilityGlobals) = postSolution
		SolutionGuid = {08D31BEE-C78E-425F-9111-E4F16D93C173}
	EndGlobalSection
EndGlobal
